// !$*UTF8*$!
{
	archiveVersion = 1;
	classes = {
	};
	objectVersion = 50;
	objects = {

/* Begin PBXBuildFile section */
		9B028E31237DD7FD00F24699 /* GPA.swift in Sources */ = {isa = PBXBuildFile; fileRef = 9B028E30237DD7FD00F24699 /* GPA.swift */; };
		F22BDA66237F2FEA00C3E1D4 /* cource.swift in Sources */ = {isa = PBXBuildFile; fileRef = F22BDA65237F2FEA00C3E1D4 /* cource.swift */; };
		F22BDA68237F349700C3E1D4 /* SemList.swift in Sources */ = {isa = PBXBuildFile; fileRef = F22BDA67237F349700C3E1D4 /* SemList.swift */; };
		F2B99FB2237F13F100A13213 /* Win.wav in Resources */ = {isa = PBXBuildFile; fileRef = F2B99FB1237F13F100A13213 /* Win.wav */; };
		F2F892DC237C793D0075369F /* AppDelegate.swift in Sources */ = {isa = PBXBuildFile; fileRef = F2F892DB237C793D0075369F /* AppDelegate.swift */; };
		F2F892DE237C793D0075369F /* SceneDelegate.swift in Sources */ = {isa = PBXBuildFile; fileRef = F2F892DD237C793D0075369F /* SceneDelegate.swift */; };
		F2F892E3237C793D0075369F /* Main.storyboard in Resources */ = {isa = PBXBuildFile; fileRef = F2F892E1237C793D0075369F /* Main.storyboard */; };
		F2F892E5237C793E0075369F /* Assets.xcassets in Resources */ = {isa = PBXBuildFile; fileRef = F2F892E4237C793E0075369F /* Assets.xcassets */; };
		F2F892E8237C793E0075369F /* LaunchScreen.storyboard in Resources */ = {isa = PBXBuildFile; fileRef = F2F892E6237C793E0075369F /* LaunchScreen.storyboard */; };
		F2F892F0237C7F820075369F /* Registration.swift in Sources */ = {isa = PBXBuildFile; fileRef = F2F892EF237C7F820075369F /* Registration.swift */; };
		F2F892F2237C89460075369F /* Student_Data.swift in Sources */ = {isa = PBXBuildFile; fileRef = F2F892F1237C89460075369F /* Student_Data.swift */; };
		F2F892F4237C8B180075369F /* Student_List.swift in Sources */ = {isa = PBXBuildFile; fileRef = F2F892F3237C8B180075369F /* Student_List.swift */; };
/* End PBXBuildFile section */

/* Begin PBXFileReference section */
		9B028E30237DD7FD00F24699 /* GPA.swift */ = {isa = PBXFileReference; lastKnownFileType = sourcecode.swift; path = GPA.swift; sourceTree = "<group>"; };
		F22BDA65237F2FEA00C3E1D4 /* cource.swift */ = {isa = PBXFileReference; lastKnownFileType = sourcecode.swift; path = cource.swift; sourceTree = "<group>"; };
		F22BDA67237F349700C3E1D4 /* SemList.swift */ = {isa = PBXFileReference; lastKnownFileType = sourcecode.swift; path = SemList.swift; sourceTree = "<group>"; };
		F2B99FB1237F13F100A13213 /* Win.wav */ = {isa = PBXFileReference; lastKnownFileType = audio.wav; path = Win.wav; sourceTree = "<group>"; };
		F2F892D8237C793D0075369F /* Parth_C0766346_gpaApp.app */ = {isa = PBXFileReference; explicitFileType = wrapper.application; includeInIndex = 0; path = Parth_C0766346_gpaApp.app; sourceTree = BUILT_PRODUCTS_DIR; };
		F2F892DB237C793D0075369F /* AppDelegate.swift */ = {isa = PBXFileReference; lastKnownFileType = sourcecode.swift; path = AppDelegate.swift; sourceTree = "<group>"; };
		F2F892DD237C793D0075369F /* SceneDelegate.swift */ = {isa = PBXFileReference; lastKnownFileType = sourcecode.swift; path = SceneDelegate.swift; sourceTree = "<group>"; };
		F2F892E2237C793D0075369F /* Base */ = {isa = PBXFileReference; lastKnownFileType = file.storyboard; name = Base; path = Base.lproj/Main.storyboard; sourceTree = "<group>"; };
		F2F892E4237C793E0075369F /* Assets.xcassets */ = {isa = PBXFileReference; lastKnownFileType = folder.assetcatalog; path = Assets.xcassets; sourceTree = "<group>"; };
		F2F892E7237C793E0075369F /* Base */ = {isa = PBXFileReference; lastKnownFileType = file.storyboard; name = Base; path = Base.lproj/LaunchScreen.storyboard; sourceTree = "<group>"; };
		F2F892E9237C793E0075369F /* Info.plist */ = {isa = PBXFileReference; lastKnownFileType = text.plist.xml; path = Info.plist; sourceTree = "<group>"; };
		F2F892EF237C7F820075369F /* Registration.swift */ = {isa = PBXFileReference; lastKnownFileType = sourcecode.swift; path = Registration.swift; sourceTree = "<group>"; };
		F2F892F1237C89460075369F /* Student_Data.swift */ = {isa = PBXFileReference; lastKnownFileType = sourcecode.swift; path = Student_Data.swift; sourceTree = "<group>"; };
		F2F892F3237C8B180075369F /* Student_List.swift */ = {isa = PBXFileReference; lastKnownFileType = sourcecode.swift; path = Student_List.swift; sourceTree = "<group>"; };
/* End PBXFileReference section */

/* Begin PBXFrameworksBuildPhase section */
		F2F892D5237C793D0075369F /* Frameworks */ = {
			isa = PBXFrameworksBuildPhase;
			buildActionMask = 2147483647;
			files = (
			);
			runOnlyForDeploymentPostprocessing = 0;
		};
/* End PBXFrameworksBuildPhase section */

/* Begin PBXGroup section */
		F2B99FB0237F13D600A13213 /* Audio */ = {
			isa = PBXGroup;
			children = (
				F2B99FB1237F13F100A13213 /* Win.wav */,
			);
			path = Audio;
			sourceTree = "<group>";
		};
		F2F892CF237C793D0075369F = {
			isa = PBXGroup;
			children = (
				F2F892DA237C793D0075369F /* Parth_C0766346_gpaApp */,
				F2F892D9237C793D0075369F /* Products */,
			);
			sourceTree = "<group>";
		};
		F2F892D9237C793D0075369F /* Products */ = {
			isa = PBXGroup;
			children = (
				F2F892D8237C793D0075369F /* Parth_C0766346_gpaApp.app */,
			);
			name = Products;
			sourceTree = "<group>";
		};
		F2F892DA237C793D0075369F /* Parth_C0766346_gpaApp */ = {
			isa = PBXGroup;
			children = (
				F2B99FB0237F13D600A13213 /* Audio */,
				F2F892DB237C793D0075369F /* AppDelegate.swift */,
				F2F892DD237C793D0075369F /* SceneDelegate.swift */,
				F2F892E1237C793D0075369F /* Main.storyboard */,
				F2F892E4237C793E0075369F /* Assets.xcassets */,
				F2F892E6237C793E0075369F /* LaunchScreen.storyboard */,
				F2F892E9237C793E0075369F /* Info.plist */,
				F2F892EF237C7F820075369F /* Registration.swift */,
				F2F892F3237C8B180075369F /* Student_List.swift */,
				F22BDA67237F349700C3E1D4 /* SemList.swift */,
				9B028E30237DD7FD00F24699 /* GPA.swift */,
				F2F892F1237C89460075369F /* Student_Data.swift */,
				F22BDA65237F2FEA00C3E1D4 /* cource.swift */,
			);
			path = Parth_C0766346_gpaApp;
			sourceTree = "<group>";
		};
/* End PBXGroup section */

/* Begin PBXNativeTarget section */
		F2F892D7237C793D0075369F /* Parth_C0766346_gpaApp */ = {
			isa = PBXNativeTarget;
			buildConfigurationList = F2F892EC237C793E0075369F /* Build configuration list for PBXNativeTarget "Parth_C0766346_gpaApp" */;
			buildPhases = (
				F2F892D4237C793D0075369F /* Sources */,
				F2F892D5237C793D0075369F /* Frameworks */,
				F2F892D6237C793D0075369F /* Resources */,
			);
			buildRules = (
			);
			dependencies = (
			);
			name = Parth_C0766346_gpaApp;
			productName = Parth_C0766346_gpaApp;
			productReference = F2F892D8237C793D0075369F /* Parth_C0766346_gpaApp.app */;
			productType = "com.apple.product-type.application";
		};
/* End PBXNativeTarget section */

/* Begin PBXProject section */
		F2F892D0237C793D0075369F /* Project object */ = {
			isa = PBXProject;
			attributes = {
				LastSwiftUpdateCheck = 1120;
				LastUpgradeCheck = 1120;
				ORGANIZATIONNAME = "Parth Dalwadi";
				TargetAttributes = {
					F2F892D7237C793D0075369F = {
						CreatedOnToolsVersion = 11.2;
					};
				};
			};
			buildConfigurationList = F2F892D3237C793D0075369F /* Build configuration list for PBXProject "Parth_C0766346_gpaApp" */;
			compatibilityVersion = "Xcode 9.3";
			developmentRegion = en;
			hasScannedForEncodings = 0;
			knownRegions = (
				en,
				Base,
			);
			mainGroup = F2F892CF237C793D0075369F;
			productRefGroup = F2F892D9237C793D0075369F /* Products */;
			projectDirPath = "";
			projectRoot = "";
			targets = (
				F2F892D7237C793D0075369F /* Parth_C0766346_gpaApp */,
			);
		};
/* End PBXProject section */

/* Begin PBXResourcesBuildPhase section */
		F2F892D6237C793D0075369F /* Resources */ = {
			isa = PBXResourcesBuildPhase;
			buildActionMask = 2147483647;
			files = (
				F2F892E8237C793E0075369F /* LaunchScreen.storyboard in Resources */,
				F2B99FB2237F13F100A13213 /* Win.wav in Resources */,
				F2F892E5237C793E0075369F /* Assets.xcassets in Resources */,
				F2F892E3237C793D0075369F /* Main.storyboard in Resources */,
			);
			runOnlyForDeploymentPostprocessing = 0;
		};
/* End PBXResourcesBuildPhase section */

/* Begin PBXSourcesBuildPhase section */
		F2F892D4237C793D0075369F /* Sources */ = {
			isa = PBXSourcesBuildPhase;
			buildActionMask = 2147483647;
			files = (
				F22BDA66237F2FEA00C3E1D4 /* cource.swift in Sources */,
				F22BDA68237F349700C3E1D4 /* SemList.swift in Sources */,
				F2F892DC237C793D0075369F /* AppDelegate.swift in Sources */,
				F2F892F2237C89460075369F /* Student_Data.swift in Sources */,
				9B028E31237DD7FD00F24699 /* GPA.swift in Sources */,
				F2F892F4237C8B180075369F /* Student_List.swift in Sources */,
				F2F892F0237C7F820075369F /* Registration.swift in Sources */,
				F2F892DE237C793D0075369F /* SceneDelegate.swift in Sources */,
			);
			runOnlyForDeploymentPostprocessing = 0;
		};
/* End PBXSourcesBuildPhase section */

/* Begin PBXVariantGroup section */
		F2F892E1237C793D0075369F /* Main.storyboard */ = {
			isa = PBXVariantGroup;
			children = (
				F2F892E2237C793D0075369F /* Base */,
			);
			name = Main.storyboard;
			sourceTree = "<group>";
		};
		F2F892E6237C793E0075369F /* LaunchScreen.storyboard */ = {
			isa = PBXVariantGroup;
			children = (
				F2F892E7237C793E0075369F /* Base */,
			);
			name = LaunchScreen.storyboard;
			sourceTree = "<group>";
		};
/* End PBXVariantGroup section */

/* Begin XCBuildConfiguration section */
		F2F892EA237C793E0075369F /* Debug */ = {
			isa = XCBuildConfiguration;
			buildSettings = {
				ALWAYS_SEARCH_USER_PATHS = NO;
				CLANG_ANALYZER_NONNULL = YES;
				CLANG_ANALYZER_NUMBER_OBJECT_CONVERSION = YES_AGGRESSIVE;
				CLANG_CXX_LANGUAGE_STANDARD = "gnu++14";
				CLANG_CXX_LIBRARY = "libc++";
				CLANG_ENABLE_MODULES = YES;
				CLANG_ENABLE_OBJC_ARC = YES;
				CLANG_ENABLE_OBJC_WEAK = YES;
				CLANG_WARN_BLOCK_CAPTURE_AUTORELEASING = YES;
				CLANG_WARN_BOOL_CONVERSION = YES;
				CLANG_WARN_COMMA = YES;
				CLANG_WARN_CONSTANT_CONVERSION = YES;
				CLANG_WARN_DEPRECATED_OBJC_IMPLEMENTATIONS = YES;
				CLANG_WARN_DIRECT_OBJC_ISA_USAGE = YES_ERROR;
				CLANG_WARN_DOCUMENTATION_COMMENTS = YES;
				CLANG_WARN_EMPTY_BODY = YES;
				CLANG_WARN_ENUM_CONVERSION = YES;
				CLANG_WARN_INFINITE_RECURSION = YES;
				CLANG_WARN_INT_CONVERSION = YES;
				CLANG_WARN_NON_LITERAL_NULL_CONVERSION = YES;
				CLANG_WARN_OBJC_IMPLICIT_RETAIN_SELF = YES;
				CLANG_WARN_OBJC_LITERAL_CONVERSION = YES;
				CLANG_WARN_OBJC_ROOT_CLASS = YES_ERROR;
				CLANG_WARN_RANGE_LOOP_ANALYSIS = YES;
				CLANG_WARN_STRICT_PROTOTYPES = YES;
				CLANG_WARN_SUSPICIOUS_MOVE = YES;
				CLANG_WARN_UNGUARDED_AVAILABILITY = YES_AGGRESSIVE;
				CLANG_WARN_UNREACHABLE_CODE = YES;
				CLANG_WARN__DUPLICATE_METHOD_MATCH = YES;
				COPY_PHASE_STRIP = NO;
				DEBUG_INFORMATION_FORMAT = dwarf;
				ENABLE_STRICT_OBJC_MSGSEND = YES;
				ENABLE_TESTABILITY = YES;
				GCC_C_LANGUAGE_STANDARD = gnu11;
				GCC_DYNAMIC_NO_PIC = NO;
				GCC_NO_COMMON_BLOCKS = YES;
				GCC_OPTIMIZATION_LEVEL = 0;
				GCC_PREPROCESSOR_DEFINITIONS = (
					"DEBUG=1",
					"$(inherited)",
				);
				GCC_WARN_64_TO_32_BIT_CONVERSION = YES;
				GCC_WARN_ABOUT_RETURN_TYPE = YES_ERROR;
				GCC_WARN_UNDECLARED_SELECTOR = YES;
				GCC_WARN_UNINITIALIZED_AUTOS = YES_AGGRESSIVE;
				GCC_WARN_UNUSED_FUNCTION = YES;
				GCC_WARN_UNUSED_VARIABLE = YES;
				IPHONEOS_DEPLOYMENT_TARGET = 13.2;
				MTL_ENABLE_DEBUG_INFO = INCLUDE_SOURCE;
				MTL_FAST_MATH = YES;
				ONLY_ACTIVE_ARCH = YES;
				SDKROOT = iphoneos;
				SWIFT_ACTIVE_COMPILATION_CONDITIONS = DEBUG;
				SWIFT_OPTIMIZATION_LEVEL = "-Onone";
			};
			name = Debug;
		};
		F2F892EB237C793E0075369F /* Release */ = {
			isa = XCBuildConfiguration;
			buildSettings = {
				ALWAYS_SEARCH_USER_PATHS = NO;
				CLANG_ANALYZER_NONNULL = YES;
				CLANG_ANALYZER_NUMBER_OBJECT_CONVERSION = YES_AGGRESSIVE;
				CLANG_CXX_LANGUAGE_STANDARD = "gnu++14";
				CLANG_CXX_LIBRARY = "libc++";
				CLANG_ENABLE_MODULES = YES;
				CLANG_ENABLE_OBJC_ARC = YES;
				CLANG_ENABLE_OBJC_WEAK = YES;
				CLANG_WARN_BLOCK_CAPTURE_AUTORELEASING = YES;
				CLANG_WARN_BOOL_CONVERSION = YES;
				CLANG_WARN_COMMA = YES;
				CLANG_WARN_CONSTANT_CONVERSION = YES;
				CLANG_WARN_DEPRECATED_OBJC_IMPLEMENTATIONS = YES;
				CLANG_WARN_DIRECT_OBJC_ISA_USAGE = YES_ERROR;
				CLANG_WARN_DOCUMENTATION_COMMENTS = YES;
				CLANG_WARN_EMPTY_BODY = YES;
				CLANG_WARN_ENUM_CONVERSION = YES;
				CLANG_WARN_INFINITE_RECURSION = YES;
				CLANG_WARN_INT_CONVERSION = YES;
				CLANG_WARN_NON_LITERAL_NULL_CONVERSION = YES;
				CLANG_WARN_OBJC_IMPLICIT_RETAIN_SELF = YES;
				CLANG_WARN_OBJC_LITERAL_CONVERSION = YES;
				CLANG_WARN_OBJC_ROOT_CLASS = YES_ERROR;
				CLANG_WARN_RANGE_LOOP_ANALYSIS = YES;
				CLANG_WARN_STRICT_PROTOTYPES = YES;
				CLANG_WARN_SUSPICIOUS_MOVE = YES;
				CLANG_WARN_UNGUARDED_AVAILABILITY = YES_AGGRESSIVE;
				CLANG_WARN_UNREACHABLE_CODE = YES;
				CLANG_WARN__DUPLICATE_METHOD_MATCH = YES;
				COPY_PHASE_STRIP = NO;
				DEBUG_INFORMATION_FORMAT = "dwarf-with-dsym";
				ENABLE_NS_ASSERTIONS = NO;
				ENABLE_STRICT_OBJC_MSGSEND = YES;
				GCC_C_LANGUAGE_STANDARD = gnu11;
				GCC_NO_COMMON_BLOCKS = YES;
				GCC_WARN_64_TO_32_BIT_CONVERSION = YES;
				GCC_WARN_ABOUT_RETURN_TYPE = YES_ERROR;
				GCC_WARN_UNDECLARED_SELECTOR = YES;
				GCC_WARN_UNINITIALIZED_AUTOS = YES_AGGRESSIVE;
				GCC_WARN_UNUSED_FUNCTION = YES;
				GCC_WARN_UNUSED_VARIABLE = YES;
				IPHONEOS_DEPLOYMENT_TARGET = 13.2;
				MTL_ENABLE_DEBUG_INFO = NO;
				MTL_FAST_MATH = YES;
				SDKROOT = iphoneos;
				SWIFT_COMPILATION_MODE = wholemodule;
				SWIFT_OPTIMIZATION_LEVEL = "-O";
				VALIDATE_PRODUCT = YES;
			};
			name = Release;
		};
		F2F892ED237C793E0075369F /* Debug */ = {
			isa = XCBuildConfiguration;
			buildSettings = {
				ASSETCATALOG_COMPILER_APPICON_NAME = AppIcon;
				CODE_SIGN_STYLE = Automatic;
				INFOPLIST_FILE = Parth_C0766346_gpaApp/Info.plist;
				LD_RUNPATH_SEARCH_PATHS = (
					"$(inherited)",
					"@executable_path/Frameworks",
				);
				PRODUCT_BUNDLE_IDENTIFIER = "LCIN.Parth-C0766346-gpaApp";
				PRODUCT_NAME = "$(TARGET_NAME)";
				SWIFT_VERSION = 5.0;
				TARGETED_DEVICE_FAMILY = "1,2";
			};
			name = Debug;
		};
		F2F892EE237C793E0075369F /* Release */ = {
			isa = XCBuildConfiguration;
			buildSettings = {
				ASSETCATALOG_COMPILER_APPICON_NAME = AppIcon;
				CODE_SIGN_STYLE = Automatic;
				INFOPLIST_FILE = Parth_C0766346_gpaApp/Info.plist;
				LD_RUNPATH_SEARCH_PATHS = (
					"$(inherited)",
					"@executable_path/Frameworks",
				);
				PRODUCT_BUNDLE_IDENTIFIER = "LCIN.Parth-C0766346-gpaApp";
				PRODUCT_NAME = "$(TARGET_NAME)";
				SWIFT_VERSION = 5.0;
				TARGETED_DEVICE_FAMILY = "1,2";
			};
			name = Release;
		};
/* End XCBuildConfiguration section */

/* Begin XCConfigurationList section */
		F2F892D3237C793D0075369F /* Build configuration list for PBXProject "Parth_C0766346_gpaApp" */ = {
			isa = XCConfigurationList;
			buildConfigurations = (
				F2F892EA237C793E0075369F /* Debug */,
				F2F892EB237C793E0075369F /* Release */,
			);
			defaultConfigurationIsVisible = 0;
			defaultConfigurationName = Release;
		};
		F2F892EC237C793E0075369F /* Build configuration list for PBXNativeTarget "Parth_C0766346_gpaApp" */ = {
			isa = XCConfigurationList;
			buildConfigurations = (
				F2F892ED237C793E0075369F /* Debug */,
				F2F892EE237C793E0075369F /* Release */,
			);
			defaultConfigurationIsVisible = 0;
			defaultConfigurationName = Release;
		};
/* End XCConfigurationList section */
	};
	rootObject = F2F892D0237C793D0075369F /* Project object */;
}
